
Microsoft Visual Studio Solution File, Format Version 12.00
# Visual Studio Version 17
VisualStudioVersion = 17.0.31903.59
MinimumVisualStudioVersion = 10.0.40219.1
Project("{FAE04EC0-301F-11D3-BF4B-00C04F79EFBC}") = "CloudWeather.DataLoader", "CloudWeather.DataLoader\CloudWeather.DataLoader.csproj", "{C56C8210-E29A-4F7E-9606-8A2139B55E7C}"
EndProject
Project("{FAE04EC0-301F-11D3-BF4B-00C04F79EFBC}") = "CloudWeather.Precipitation", "CloudWeather.Precipitation\CloudWeather.Precipitation.csproj", "{1353BED8-D56C-41E6-9BAE-E61DB265CE4E}"
EndProject
Project("{FAE04EC0-301F-11D3-BF4B-00C04F79EFBC}") = "CloudWeather.Report", "CloudWeather.Report\CloudWeather.Report.csproj", "{3BDC6C4E-4640-4CB3-85BD-B2AED000E5F7}"
EndProject
Project("{FAE04EC0-301F-11D3-BF4B-00C04F79EFBC}") = "CloudWeather.Temperature", "CloudWeather.Temperature\CloudWeather.Temperature.csproj", "{5C4EFB51-B7AF-4D28-879B-D161922DE445}"
EndProject
Global
	GlobalSection(SolutionConfigurationPlatforms) = preSolution
		Debug|Any CPU = Debug|Any CPU
		Release|Any CPU = Release|Any CPU
	EndGlobalSection
	GlobalSection(SolutionProperties) = preSolution
		HideSolutionNode = FALSE
	EndGlobalSection
	GlobalSection(ProjectConfigurationPlatforms) = postSolution
		{C56C8210-E29A-4F7E-9606-8A2139B55E7C}.Debug|Any CPU.ActiveCfg = Debug|Any CPU
		{C56C8210-E29A-4F7E-9606-8A2139B55E7C}.Debug|Any CPU.Build.0 = Debug|Any CPU
		{C56C8210-E29A-4F7E-9606-8A2139B55E7C}.Release|Any CPU.ActiveCfg = Release|Any CPU
		{C56C8210-E29A-4F7E-9606-8A2139B55E7C}.Release|Any CPU.Build.0 = Release|Any CPU
		{1353BED8-D56C-41E6-9BAE-E61DB265CE4E}.Debug|Any CPU.ActiveCfg = Debug|Any CPU
		{1353BED8-D56C-41E6-9BAE-E61DB265CE4E}.Debug|Any CPU.Build.0 = Debug|Any CPU
		{1353BED8-D56C-41E6-9BAE-E61DB265CE4E}.Release|Any CPU.ActiveCfg = Release|Any CPU
		{1353BED8-D56C-41E6-9BAE-E61DB265CE4E}.Release|Any CPU.Build.0 = Release|Any CPU
		{3BDC6C4E-4640-4CB3-85BD-B2AED000E5F7}.Debug|Any CPU.ActiveCfg = Debug|Any CPU
		{3BDC6C4E-4640-4CB3-85BD-B2AED000E5F7}.Debug|Any CPU.Build.0 = Debug|Any CPU
		{3BDC6C4E-4640-4CB3-85BD-B2AED000E5F7}.Release|Any CPU.ActiveCfg = Release|Any CPU
		{3BDC6C4E-4640-4CB3-85BD-B2AED000E5F7}.Release|Any CPU.Build.0 = Release|Any CPU
		{5C4EFB51-B7AF-4D28-879B-D161922DE445}.Debug|Any CPU.ActiveCfg = Debug|Any CPU
		{5C4EFB51-B7AF-4D28-879B-D161922DE445}.Debug|Any CPU.Build.0 = Debug|Any CPU
		{5C4EFB51-B7AF-4D28-879B-D161922DE445}.Release|Any CPU.ActiveCfg = Release|Any CPU
		{5C4EFB51-B7AF-4D28-879B-D161922DE445}.Release|Any CPU.Build.0 = Release|Any CPU
	EndGlobalSection
EndGlobal
